
Microsoft Visual Studio Solution File, Format Version 12.00
# Visual Studio 2012
Project("{FAE04EC0-301F-11D3-BF4B-00C04F79EFBC}") = "Harness", "Harness\Harness.csproj", "{8AC0D66F-5865-4A31-B054-61FFEF4D6EBE}"
EndProject
Project("{FAE04EC0-301F-11D3-BF4B-00C04F79EFBC}") = "Harness.Models", "Harness.Models\Harness.Models.csproj", "{246504B4-FE03-47BA-8777-D7A24F88BF0B}"
EndProject
Project("{2150E333-8FDC-42A3-9474-1A3956D46DE8}") = "Solution Items", "Solution Items", "{9C1CDAB6-5BA0-485A-902D-417E6435FE92}"
	ProjectSection(SolutionItems) = preProject
		TestMethodology.txt = TestMethodology.txt
	EndProjectSection
EndProject
Project("{FAE04EC0-301F-11D3-BF4B-00C04F79EFBC}") = "Runner.CLI", "Runner.CLI\Runner.CLI.csproj", "{47B2D4F1-215C-4EAD-BF0A-2ED5993A7CC3}"
EndProject
Project("{FAE04EC0-301F-11D3-BF4B-00C04F79EFBC}") = "Harness.Contract", "Harness.Contract\Harness.Contract.csproj", "{AD69CE7D-65EF-42A4-B672-079C9D386805}"
EndProject
Project("{FAE04EC0-301F-11D3-BF4B-00C04F79EFBC}") = "Harness.Dapper1-8", "Harness.Dapper1-8\Harness.Dapper1-8.csproj", "{43D0EF10-BDE1-4B21-9F5F-A6B9962BBA15}"
EndProject
Project("{2150E333-8FDC-42A3-9474-1A3956D46DE8}") = "TestConfigurations", "TestConfigurations", "{50116B37-1369-408A-8FD4-9D440601C89D}"
EndProject
Project("{FAE04EC0-301F-11D3-BF4B-00C04F79EFBC}") = "Harness.Linq2Sql", "Harness.Linq2Sql\Harness.Linq2Sql.csproj", "{991E9F3A-39BD-488F-BE74-403BFDC1A2CA}"
EndProject
Project("{2150E333-8FDC-42A3-9474-1A3956D46DE8}") = ".nuget", ".nuget", "{84E38153-8804-4222-9799-B31F93654F7D}"
	ProjectSection(SolutionItems) = preProject
		.nuget\NuGet.exe = .nuget\NuGet.exe
		.nuget\NuGet.targets = .nuget\NuGet.targets
	EndProjectSection
EndProject
Project("{FAE04EC0-301F-11D3-BF4B-00C04F79EFBC}") = "Runner", "Runner\Runner.csproj", "{F8D96F3E-6150-4D0B-9156-1A22DA9B2664}"
EndProject
Project("{FAE04EC0-301F-11D3-BF4B-00C04F79EFBC}") = "Harness.NHibernate", "Harness.NHibernate\Harness.NHibernate.csproj", "{5DC9B8C8-4DB4-46A4-BABE-99EECE92AEE1}"
EndProject
Project("{FAE04EC0-301F-11D3-BF4B-00C04F79EFBC}") = "Harness.EntityFramework4-3-1", "Harness.EntityFramework4-3-1\Harness.EntityFramework4-3-1.csproj", "{5492D68F-B182-437F-8777-23C9DAE60573}"
EndProject
Project("{FAE04EC0-301F-11D3-BF4B-00C04F79EFBC}") = "Harness.EntityFramework4-1", "Harness.EntityFramework4-1\Harness.EntityFramework4-1.csproj", "{FA756BD6-DD72-4340-A462-D462A028E181}"
EndProject
Project("{FAE04EC0-301F-11D3-BF4B-00C04F79EFBC}") = "Harness.EntityFramework5-Beta2", "Harness.EntityFramework5-Beta2\Harness.EntityFramework5-Beta2.csproj", "{8026408C-44D4-441E-BED2-B75D401439E9}"
EndProject
Project("{FAE04EC0-301F-11D3-BF4B-00C04F79EFBC}") = "Harness.EntityFramework5-Beta1", "Harness.EntityFramework5-Beta1\Harness.EntityFramework5-Beta1.csproj", "{0CD79897-745E-4C63-99DC-EB29FCD11F29}"
EndProject
Project("{2150E333-8FDC-42A3-9474-1A3956D46DE8}") = "assemblies", "assemblies", "{BCDF35F1-A054-49BB-B89F-D8CBDF15CEEB}"
EndProject
Project("{2150E333-8FDC-42A3-9474-1A3956D46DE8}") = "EntityFramework.Extended", "EntityFramework.Extended", "{5846162D-053D-4C4A-B873-A287A89BD750}"
EndProject
Project("{2150E333-8FDC-42A3-9474-1A3956D46DE8}") = "1.0.0.20", "1.0.0.20", "{F99A26BE-0E39-4498-9E89-AB2661787D41}"
	ProjectSection(SolutionItems) = preProject
		assemblies\EntityFramework.Extended\1.0.0.20\EntityFramework.Extended.dll = assemblies\EntityFramework.Extended\1.0.0.20\EntityFramework.Extended.dll
		assemblies\EntityFramework.Extended\1.0.0.20\EntityFramework.Extended.xml = assemblies\EntityFramework.Extended\1.0.0.20\EntityFramework.Extended.xml
	EndProjectSection
EndProject
Project("{FAE04EC0-301F-11D3-BF4B-00C04F79EFBC}") = "Harness.SqlCommand", "Harness.SqlCommand\Harness.SqlCommand.csproj", "{A8461511-BCAB-4758-A2B4-CA069E54111B}"
EndProject
Project("{FAE04EC0-301F-11D3-BF4B-00C04F79EFBC}") = "Harness.PetaPoco", "Harness.PetaPoco\Harness.PetaPoco.csproj", "{A4B70E11-B218-4026-A1E1-C46A0F524EB2}"
EndProject
Project("{FAE04EC0-301F-11D3-BF4B-00C04F79EFBC}") = "Harness.SimpleData", "Harness.SimpleData\Harness.SimpleData.csproj", "{D06CBF04-0B40-4F18-A06C-813767A5910F}"
EndProject
Global
	GlobalSection(SolutionConfigurationPlatforms) = preSolution
		Debug|Any CPU = Debug|Any CPU
		Release|Any CPU = Release|Any CPU
	EndGlobalSection
	GlobalSection(ProjectConfigurationPlatforms) = postSolution
		{0CD79897-745E-4C63-99DC-EB29FCD11F29}.Debug|Any CPU.ActiveCfg = Debug|Any CPU
		{0CD79897-745E-4C63-99DC-EB29FCD11F29}.Debug|Any CPU.Build.0 = Debug|Any CPU
		{0CD79897-745E-4C63-99DC-EB29FCD11F29}.Release|Any CPU.ActiveCfg = Release|Any CPU
		{0CD79897-745E-4C63-99DC-EB29FCD11F29}.Release|Any CPU.Build.0 = Release|Any CPU
		{246504B4-FE03-47BA-8777-D7A24F88BF0B}.Debug|Any CPU.ActiveCfg = Debug|Any CPU
		{246504B4-FE03-47BA-8777-D7A24F88BF0B}.Debug|Any CPU.Build.0 = Debug|Any CPU
		{246504B4-FE03-47BA-8777-D7A24F88BF0B}.Release|Any CPU.ActiveCfg = Release|Any CPU
		{246504B4-FE03-47BA-8777-D7A24F88BF0B}.Release|Any CPU.Build.0 = Release|Any CPU
		{43D0EF10-BDE1-4B21-9F5F-A6B9962BBA15}.Debug|Any CPU.ActiveCfg = Debug|Any CPU
		{43D0EF10-BDE1-4B21-9F5F-A6B9962BBA15}.Debug|Any CPU.Build.0 = Debug|Any CPU
		{43D0EF10-BDE1-4B21-9F5F-A6B9962BBA15}.Release|Any CPU.ActiveCfg = Release|Any CPU
		{43D0EF10-BDE1-4B21-9F5F-A6B9962BBA15}.Release|Any CPU.Build.0 = Release|Any CPU
		{47B2D4F1-215C-4EAD-BF0A-2ED5993A7CC3}.Debug|Any CPU.ActiveCfg = Debug|Any CPU
		{47B2D4F1-215C-4EAD-BF0A-2ED5993A7CC3}.Debug|Any CPU.Build.0 = Debug|Any CPU
		{47B2D4F1-215C-4EAD-BF0A-2ED5993A7CC3}.Release|Any CPU.ActiveCfg = Release|Any CPU
		{47B2D4F1-215C-4EAD-BF0A-2ED5993A7CC3}.Release|Any CPU.Build.0 = Release|Any CPU
		{5492D68F-B182-437F-8777-23C9DAE60573}.Debug|Any CPU.ActiveCfg = Debug|Any CPU
		{5492D68F-B182-437F-8777-23C9DAE60573}.Debug|Any CPU.Build.0 = Debug|Any CPU
		{5492D68F-B182-437F-8777-23C9DAE60573}.Release|Any CPU.ActiveCfg = Release|Any CPU
		{5492D68F-B182-437F-8777-23C9DAE60573}.Release|Any CPU.Build.0 = Release|Any CPU
		{5DC9B8C8-4DB4-46A4-BABE-99EECE92AEE1}.Debug|Any CPU.ActiveCfg = Debug|Any CPU
		{5DC9B8C8-4DB4-46A4-BABE-99EECE92AEE1}.Debug|Any CPU.Build.0 = Debug|Any CPU
		{5DC9B8C8-4DB4-46A4-BABE-99EECE92AEE1}.Release|Any CPU.ActiveCfg = Release|Any CPU
		{5DC9B8C8-4DB4-46A4-BABE-99EECE92AEE1}.Release|Any CPU.Build.0 = Release|Any CPU
		{8026408C-44D4-441E-BED2-B75D401439E9}.Debug|Any CPU.ActiveCfg = Debug|Any CPU
		{8026408C-44D4-441E-BED2-B75D401439E9}.Debug|Any CPU.Build.0 = Debug|Any CPU
		{8026408C-44D4-441E-BED2-B75D401439E9}.Release|Any CPU.ActiveCfg = Release|Any CPU
		{8026408C-44D4-441E-BED2-B75D401439E9}.Release|Any CPU.Build.0 = Release|Any CPU
		{8AC0D66F-5865-4A31-B054-61FFEF4D6EBE}.Debug|Any CPU.ActiveCfg = Debug|Any CPU
		{8AC0D66F-5865-4A31-B054-61FFEF4D6EBE}.Debug|Any CPU.Build.0 = Debug|Any CPU
		{8AC0D66F-5865-4A31-B054-61FFEF4D6EBE}.Release|Any CPU.ActiveCfg = Release|Any CPU
		{8AC0D66F-5865-4A31-B054-61FFEF4D6EBE}.Release|Any CPU.Build.0 = Release|Any CPU
		{991E9F3A-39BD-488F-BE74-403BFDC1A2CA}.Debug|Any CPU.ActiveCfg = Debug|Any CPU
		{991E9F3A-39BD-488F-BE74-403BFDC1A2CA}.Debug|Any CPU.Build.0 = Debug|Any CPU
		{991E9F3A-39BD-488F-BE74-403BFDC1A2CA}.Release|Any CPU.ActiveCfg = Release|Any CPU
		{991E9F3A-39BD-488F-BE74-403BFDC1A2CA}.Release|Any CPU.Build.0 = Release|Any CPU
		{A4B70E11-B218-4026-A1E1-C46A0F524EB2}.Debug|Any CPU.ActiveCfg = Debug|Any CPU
		{A4B70E11-B218-4026-A1E1-C46A0F524EB2}.Debug|Any CPU.Build.0 = Debug|Any CPU
		{A4B70E11-B218-4026-A1E1-C46A0F524EB2}.Release|Any CPU.ActiveCfg = Release|Any CPU
		{A4B70E11-B218-4026-A1E1-C46A0F524EB2}.Release|Any CPU.Build.0 = Release|Any CPU
		{A8461511-BCAB-4758-A2B4-CA069E54111B}.Debug|Any CPU.ActiveCfg = Debug|Any CPU
		{A8461511-BCAB-4758-A2B4-CA069E54111B}.Debug|Any CPU.Build.0 = Debug|Any CPU
		{A8461511-BCAB-4758-A2B4-CA069E54111B}.Release|Any CPU.ActiveCfg = Release|Any CPU
		{A8461511-BCAB-4758-A2B4-CA069E54111B}.Release|Any CPU.Build.0 = Release|Any CPU
		{AD69CE7D-65EF-42A4-B672-079C9D386805}.Debug|Any CPU.ActiveCfg = Debug|Any CPU
		{AD69CE7D-65EF-42A4-B672-079C9D386805}.Debug|Any CPU.Build.0 = Debug|Any CPU
		{AD69CE7D-65EF-42A4-B672-079C9D386805}.Release|Any CPU.ActiveCfg = Release|Any CPU
		{AD69CE7D-65EF-42A4-B672-079C9D386805}.Release|Any CPU.Build.0 = Release|Any CPU
		{D06CBF04-0B40-4F18-A06C-813767A5910F}.Debug|Any CPU.ActiveCfg = Debug|Any CPU
		{D06CBF04-0B40-4F18-A06C-813767A5910F}.Debug|Any CPU.Build.0 = Debug|Any CPU
		{D06CBF04-0B40-4F18-A06C-813767A5910F}.Release|Any CPU.ActiveCfg = Release|Any CPU
		{D06CBF04-0B40-4F18-A06C-813767A5910F}.Release|Any CPU.Build.0 = Release|Any CPU
		{F8D96F3E-6150-4D0B-9156-1A22DA9B2664}.Debug|Any CPU.ActiveCfg = Debug|Any CPU
		{F8D96F3E-6150-4D0B-9156-1A22DA9B2664}.Debug|Any CPU.Build.0 = Debug|Any CPU
		{F8D96F3E-6150-4D0B-9156-1A22DA9B2664}.Release|Any CPU.ActiveCfg = Release|Any CPU
		{F8D96F3E-6150-4D0B-9156-1A22DA9B2664}.Release|Any CPU.Build.0 = Release|Any CPU
		{FA756BD6-DD72-4340-A462-D462A028E181}.Debug|Any CPU.ActiveCfg = Debug|Any CPU
		{FA756BD6-DD72-4340-A462-D462A028E181}.Debug|Any CPU.Build.0 = Debug|Any CPU
		{FA756BD6-DD72-4340-A462-D462A028E181}.Release|Any CPU.ActiveCfg = Release|Any CPU
		{FA756BD6-DD72-4340-A462-D462A028E181}.Release|Any CPU.Build.0 = Release|Any CPU
	EndGlobalSection
	GlobalSection(SolutionProperties) = preSolution
		HideSolutionNode = FALSE
	EndGlobalSection
	GlobalSection(NestedProjects) = preSolution
		{0CD79897-745E-4C63-99DC-EB29FCD11F29} = {50116B37-1369-408A-8FD4-9D440601C89D}
		{43D0EF10-BDE1-4B21-9F5F-A6B9962BBA15} = {50116B37-1369-408A-8FD4-9D440601C89D}
		{5492D68F-B182-437F-8777-23C9DAE60573} = {50116B37-1369-408A-8FD4-9D440601C89D}
		{5846162D-053D-4C4A-B873-A287A89BD750} = {BCDF35F1-A054-49BB-B89F-D8CBDF15CEEB}
		{5DC9B8C8-4DB4-46A4-BABE-99EECE92AEE1} = {50116B37-1369-408A-8FD4-9D440601C89D}
		{8026408C-44D4-441E-BED2-B75D401439E9} = {50116B37-1369-408A-8FD4-9D440601C89D}
		{991E9F3A-39BD-488F-BE74-403BFDC1A2CA} = {50116B37-1369-408A-8FD4-9D440601C89D}
		{A4B70E11-B218-4026-A1E1-C46A0F524EB2} = {50116B37-1369-408A-8FD4-9D440601C89D}
		{A8461511-BCAB-4758-A2B4-CA069E54111B} = {50116B37-1369-408A-8FD4-9D440601C89D}
		{D06CBF04-0B40-4F18-A06C-813767A5910F} = {50116B37-1369-408A-8FD4-9D440601C89D}
		{F99A26BE-0E39-4498-9E89-AB2661787D41} = {5846162D-053D-4C4A-B873-A287A89BD750}
		{FA756BD6-DD72-4340-A462-D462A028E181} = {50116B37-1369-408A-8FD4-9D440601C89D}
	EndGlobalSection
EndGlobal
